// !$*UTF8*$!
{
	archiveVersion = 1;
	classes = {
	};
	objectVersion = 46;
	objects = {

/* Begin PBXBuildFile section */
		013816D21D76BAAF00F9CFAD /* main.m in Sources */ = {isa = PBXBuildFile; fileRef = 013816D11D76BAAF00F9CFAD /* main.m */; };
		013816D51D76BAAF00F9CFAD /* AppDelegate.m in Sources */ = {isa = PBXBuildFile; fileRef = 013816D41D76BAAF00F9CFAD /* AppDelegate.m */; };
		013816D81D76BAAF00F9CFAD /* ViewController.m in Sources */ = {isa = PBXBuildFile; fileRef = 013816D71D76BAAF00F9CFAD /* ViewController.m */; };
		013816DB1D76BAAF00F9CFAD /* Main.storyboard in Resources */ = {isa = PBXBuildFile; fileRef = 013816D91D76BAAF00F9CFAD /* Main.storyboard */; };
		013816DD1D76BAAF00F9CFAD /* Assets.xcassets in Resources */ = {isa = PBXBuildFile; fileRef = 013816DC1D76BAAF00F9CFAD /* Assets.xcassets */; };
		013816E01D76BAAF00F9CFAD /* LaunchScreen.storyboard in Resources */ = {isa = PBXBuildFile; fileRef = 013816DE1D76BAAF00F9CFAD /* LaunchScreen.storyboard */; };
		013816ED1D76BB5700F9CFAD /* Localizable.strings in Resources */ = {isa = PBXBuildFile; fileRef = 013816EF1D76BB5700F9CFAD /* Localizable.strings */; };
		013817461D7959BA00F9CFAD /* Localisator.m in Sources */ = {isa = PBXBuildFile; fileRef = 013817451D7959BA00F9CFAD /* Localisator.m */; };
/* End PBXBuildFile section */

/* Begin PBXFileReference section */
		013816CD1D76BAAF00F9CFAD /* TestLocalization-master.app */ = {isa = PBXFileReference; explicitFileType = wrapper.application; includeInIndex = 0; path = "TestLocalization-master.app"; sourceTree = BUILT_PRODUCTS_DIR; };
		013816D11D76BAAF00F9CFAD /* main.m */ = {isa = PBXFileReference; lastKnownFileType = sourcecode.c.objc; path = main.m; sourceTree = "<group>"; };
		013816D31D76BAAF00F9CFAD /* AppDelegate.h */ = {isa = PBXFileReference; lastKnownFileType = sourcecode.c.h; path = AppDelegate.h; sourceTree = "<group>"; };
		013816D41D76BAAF00F9CFAD /* AppDelegate.m */ = {isa = PBXFileReference; lastKnownFileType = sourcecode.c.objc; path = AppDelegate.m; sourceTree = "<group>"; };
		013816D61D76BAAF00F9CFAD /* ViewController.h */ = {isa = PBXFileReference; lastKnownFileType = sourcecode.c.h; path = ViewController.h; sourceTree = "<group>"; };
		013816D71D76BAAF00F9CFAD /* ViewController.m */ = {isa = PBXFileReference; lastKnownFileType = sourcecode.c.objc; path = ViewController.m; sourceTree = "<group>"; };
		013816DA1D76BAAF00F9CFAD /* Base */ = {isa = PBXFileReference; lastKnownFileType = file.storyboard; name = Base; path = Base.lproj/Main.storyboard; sourceTree = "<group>"; };
		013816DC1D76BAAF00F9CFAD /* Assets.xcassets */ = {isa = PBXFileReference; lastKnownFileType = folder.assetcatalog; path = Assets.xcassets; sourceTree = "<group>"; };
		013816DF1D76BAAF00F9CFAD /* Base */ = {isa = PBXFileReference; lastKnownFileType = file.storyboard; name = Base; path = Base.lproj/LaunchScreen.storyboard; sourceTree = "<group>"; };
		013816E11D76BAAF00F9CFAD /* Info.plist */ = {isa = PBXFileReference; lastKnownFileType = text.plist.xml; path = Info.plist; sourceTree = "<group>"; };
		013816E91D76BB2C00F9CFAD /* zh-Hans */ = {isa = PBXFileReference; lastKnownFileType = text.plist.strings; name = "zh-Hans"; path = "zh-Hans.lproj/Main.strings"; sourceTree = "<group>"; };
		013816EA1D76BB2C00F9CFAD /* zh-Hans */ = {isa = PBXFileReference; lastKnownFileType = text.plist.strings; name = "zh-Hans"; path = "zh-Hans.lproj/LaunchScreen.strings"; sourceTree = "<group>"; };
		013816EB1D76BB4500F9CFAD /* nl-NL */ = {isa = PBXFileReference; lastKnownFileType = text.plist.strings; name = "nl-NL"; path = "nl-NL.lproj/Main.strings"; sourceTree = "<group>"; };
		013816EC1D76BB4500F9CFAD /* nl-NL */ = {isa = PBXFileReference; lastKnownFileType = text.plist.strings; name = "nl-NL"; path = "nl-NL.lproj/LaunchScreen.strings"; sourceTree = "<group>"; };
		013816EE1D76BB5700F9CFAD /* en */ = {isa = PBXFileReference; lastKnownFileType = text.plist.strings; name = en; path = en.lproj/Localizable.strings; sourceTree = "<group>"; };
		013816F01D76BB5A00F9CFAD /* zh-Hans */ = {isa = PBXFileReference; lastKnownFileType = text.plist.strings; name = "zh-Hans"; path = "zh-Hans.lproj/Localizable.strings"; sourceTree = "<group>"; };
		013816F11D76BB5B00F9CFAD /* nl-NL */ = {isa = PBXFileReference; lastKnownFileType = text.plist.strings; name = "nl-NL"; path = "nl-NL.lproj/Localizable.strings"; sourceTree = "<group>"; };
		013817441D7959BA00F9CFAD /* Localisator.h */ = {isa = PBXFileReference; fileEncoding = 4; lastKnownFileType = sourcecode.c.h; path = Localisator.h; sourceTree = "<group>"; };
		013817451D7959BA00F9CFAD /* Localisator.m */ = {isa = PBXFileReference; fileEncoding = 4; lastKnownFileType = sourcecode.c.objc; path = Localisator.m; sourceTree = "<group>"; };
/* End PBXFileReference section */

/* Begin PBXFrameworksBuildPhase section */
		013816CA1D76BAAF00F9CFAD /* Frameworks */ = {
			isa = PBXFrameworksBuildPhase;
			buildActionMask = 2147483647;
			files = (
			);
			runOnlyForDeploymentPostprocessing = 0;
		};
/* End PBXFrameworksBuildPhase section */

/* Begin PBXGroup section */
		013816C41D76BAAF00F9CFAD = {
			isa = PBXGroup;
			children = (
				013816CF1D76BAAF00F9CFAD /* TestLocalization-master */,
				013816CE1D76BAAF00F9CFAD /* Products */,
			);
			sourceTree = "<group>";
		};
		013816CE1D76BAAF00F9CFAD /* Products */ = {
			isa = PBXGroup;
			children = (
				013816CD1D76BAAF00F9CFAD /* TestLocalization-master.app */,
			);
			name = Products;
			sourceTree = "<group>";
		};
		013816CF1D76BAAF00F9CFAD /* TestLocalization-master */ = {
			isa = PBXGroup;
			children = (
				013816F21D76C1F100F9CFAD /* Localisator */,
				013816D31D76BAAF00F9CFAD /* AppDelegate.h */,
				013816D41D76BAAF00F9CFAD /* AppDelegate.m */,
				013816D61D76BAAF00F9CFAD /* ViewController.h */,
				013816D71D76BAAF00F9CFAD /* ViewController.m */,
				013816EF1D76BB5700F9CFAD /* Localizable.strings */,
				013816D91D76BAAF00F9CFAD /* Main.storyboard */,
				013816DC1D76BAAF00F9CFAD /* Assets.xcassets */,
				013816DE1D76BAAF00F9CFAD /* LaunchScreen.storyboard */,
				013816E11D76BAAF00F9CFAD /* Info.plist */,
				013816D01D76BAAF00F9CFAD /* Supporting Files */,
			);
			path = "TestLocalization-master";
			sourceTree = "<group>";
		};
		013816D01D76BAAF00F9CFAD /* Supporting Files */ = {
			isa = PBXGroup;
			children = (
				013816D11D76BAAF00F9CFAD /* main.m */,
			);
			name = "Supporting Files";
			sourceTree = "<group>";
		};
		013816F21D76C1F100F9CFAD /* Localisator */ = {
			isa = PBXGroup;
			children = (
				013817441D7959BA00F9CFAD /* Localisator.h */,
				013817451D7959BA00F9CFAD /* Localisator.m */,
			);
			path = Localisator;
			sourceTree = "<group>";
		};
/* End PBXGroup section */

/* Begin PBXNativeTarget section */
		013816CC1D76BAAF00F9CFAD /* TestLocalization-master */ = {
			isa = PBXNativeTarget;
			buildConfigurationList = 013816E41D76BAAF00F9CFAD /* Build configuration list for PBXNativeTarget "TestLocalization-master" */;
			buildPhases = (
				013816C91D76BAAF00F9CFAD /* Sources */,
				013816CA1D76BAAF00F9CFAD /* Frameworks */,
				013816CB1D76BAAF00F9CFAD /* Resources */,
			);
			buildRules = (
			);
			dependencies = (
			);
			name = "TestLocalization-master";
			productName = "TestLocalization-master";
			productReference = 013816CD1D76BAAF00F9CFAD /* TestLocalization-master.app */;
			productType = "com.apple.product-type.application";
		};
/* End PBXNativeTarget section */

/* Begin PBXProject section */
		013816C51D76BAAF00F9CFAD /* Project object */ = {
			isa = PBXProject;
			attributes = {
				LastUpgradeCheck = 0730;
				ORGANIZATIONNAME = huanghy;
				TargetAttributes = {
					013816CC1D76BAAF00F9CFAD = {
						CreatedOnToolsVersion = 7.3;
					};
				};
			};
			buildConfigurationList = 013816C81D76BAAF00F9CFAD /* Build configuration list for PBXProject "TestLocalization-master" */;
			compatibilityVersion = "Xcode 3.2";
			developmentRegion = English;
			hasScannedForEncodings = 0;
			knownRegions = (
				en,
				Base,
				"zh-Hans",
				"nl-NL",
			);
			mainGroup = 013816C41D76BAAF00F9CFAD;
			productRefGroup = 013816CE1D76BAAF00F9CFAD /* Products */;
			projectDirPath = "";
			projectRoot = "";
			targets = (
				013816CC1D76BAAF00F9CFAD /* TestLocalization-master */,
			);
		};
/* End PBXProject section */

/* Begin PBXResourcesBuildPhase section */
		013816CB1D76BAAF00F9CFAD /* Resources */ = {
			isa = PBXResourcesBuildPhase;
			buildActionMask = 2147483647;
			files = (
				013816E01D76BAAF00F9CFAD /* LaunchScreen.storyboard in Resources */,
				013816ED1D76BB5700F9CFAD /* Localizable.strings in Resources */,
				013816DD1D76BAAF00F9CFAD /* Assets.xcassets in Resources */,
				013816DB1D76BAAF00F9CFAD /* Main.storyboard in Resources */,
			);
			runOnlyForDeploymentPostprocessing = 0;
		};
/* End PBXResourcesBuildPhase section */

/* Begin PBXSourcesBuildPhase section */
		013816C91D76BAAF00F9CFAD /* Sources */ = {
			isa = PBXSourcesBuildPhase;
			buildActionMask = 2147483647;
			files = (
				013816D81D76BAAF00F9CFAD /* ViewController.m in Sources */,
				013817461D7959BA00F9CFAD /* Localisator.m in Sources */,
				013816D51D76BAAF00F9CFAD /* AppDelegate.m in Sources */,
				013816D21D76BAAF00F9CFAD /* main.m in Sources */,
			);
			runOnlyForDeploymentPostprocessing = 0;
		};
/* End PBXSourcesBuildPhase section */

/* Begin PBXVariantGroup section */
		013816D91D76BAAF00F9CFAD /* Main.storyboard */ = {
			isa = PBXVariantGroup;
			children = (
				013816DA1D76BAAF00F9CFAD /* Base */,
				013816E91D76BB2C00F9CFAD /* zh-Hans */,
				013816EB1D76BB4500F9CFAD /* nl-NL */,
			);
			name = Main.storyboard;
			sourceTree = "<group>";
		};
		013816DE1D76BAAF00F9CFAD /* LaunchScreen.storyboard */ = {
			isa = PBXVariantGroup;
			children = (
				013816DF1D76BAAF00F9CFAD /* Base */,
				013816EA1D76BB2C00F9CFAD /* zh-Hans */,
				013816EC1D76BB4500F9CFAD /* nl-NL */,
			);
			name = LaunchScreen.storyboard;
			sourceTree = "<group>";
		};
		013816EF1D76BB5700F9CFAD /* Localizable.strings */ = {
			isa = PBXVariantGroup;
			children = (
				013816EE1D76BB5700F9CFAD /* en */,
				013816F01D76BB5A00F9CFAD /* zh-Hans */,
				013816F11D76BB5B00F9CFAD /* nl-NL */,
			);
			name = Localizable.strings;
			sourceTree = "<group>";
		};
/* End PBXVariantGroup section */

/* Begin XCBuildConfiguration section */
		013816E21D76BAAF00F9CFAD /* Debug */ = {
			isa = XCBuildConfiguration;
			buildSettings = {
				ALWAYS_SEARCH_USER_PATHS = NO;
				CLANG_ANALYZER_NONNULL = YES;
				CLANG_CXX_LANGUAGE_STANDARD = "gnu++0x";
				CLANG_CXX_LIBRARY = "libc++";
				CLANG_ENABLE_MODULES = YES;
				CLANG_ENABLE_OBJC_ARC = YES;
				CLANG_WARN_BOOL_CONVERSION = YES;
				CLANG_WARN_CONSTANT_CONVERSION = YES;
				CLANG_WARN_DIRECT_OBJC_ISA_USAGE = YES_ERROR;
				CLANG_WARN_EMPTY_BODY = YES;
				CLANG_WARN_ENUM_CONVERSION = YES;
				CLANG_WARN_INT_CONVERSION = YES;
				CLANG_WARN_OBJC_ROOT_CLASS = YES_ERROR;
				CLANG_WARN_UNREACHABLE_CODE = YES;
				CLANG_WARN__DUPLICATE_METHOD_MATCH = YES;
				"CODE_SIGN_IDENTITY[sdk=iphoneos*]" = "iPhone Developer";
				COPY_PHASE_STRIP = NO;
				DEBUG_INFORMATION_FORMAT = dwarf;
				ENABLE_STRICT_OBJC_MSGSEND = YES;
				ENABLE_TESTABILITY = YES;
				GCC_C_LANGUAGE_STANDARD = gnu99;
				GCC_DYNAMIC_NO_PIC = NO;
				GCC_NO_COMMON_BLOCKS = YES;
				GCC_OPTIMIZATION_LEVEL = 0;
				GCC_PREPROCESSOR_DEFINITIONS = (
					"DEBUG=1",
					"$(inherited)",
				);
				GCC_WARN_64_TO_32_BIT_CONVERSION = YES;
				GCC_WARN_ABOUT_RETURN_TYPE = YES_ERROR;
				GCC_WARN_UNDECLARED_SELECTOR = YES;
				GCC_WARN_UNINITIALIZED_AUTOS = YES_AGGRESSIVE;
				GCC_WARN_UNUSED_FUNCTION = YES;
				GCC_WARN_UNUSED_VARIABLE = YES;
				IPHONEOS_DEPLOYMENT_TARGET = 9.3;
				MTL_ENABLE_DEBUG_INFO = YES;
				ONLY_ACTIVE_ARCH = YES;
				SDKROOT = iphoneos;
			};
			name = Debug;
		};
		013816E31D76BAAF00F9CFAD /* Release */ = {
			isa = XCBuildConfiguration;
			buildSettings = {
				ALWAYS_SEARCH_USER_PATHS = NO;
				CLANG_ANALYZER_NONNULL = YES;
				CLANG_CXX_LANGUAGE_STANDARD = "gnu++0x";
				CLANG_CXX_LIBRARY = "libc++";
				CLANG_ENABLE_MODULES = YES;
				CLANG_ENABLE_OBJC_ARC = YES;
				CLANG_WARN_BOOL_CONVERSION = YES;
				CLANG_WARN_CONSTANT_CONVERSION = YES;
				CLANG_WARN_DIRECT_OBJC_ISA_USAGE = YES_ERROR;
				CLANG_WARN_EMPTY_BODY = YES;
				CLANG_WARN_ENUM_CONVERSION = YES;
				CLANG_WARN_INT_CONVERSION = YES;
				CLANG_WARN_OBJC_ROOT_CLASS = YES_ERROR;
				CLANG_WARN_UNREACHABLE_CODE = YES;
				CLANG_WARN__DUPLICATE_METHOD_MATCH = YES;
				"CODE_SIGN_IDENTITY[sdk=iphoneos*]" = "iPhone Developer";
				COPY_PHASE_STRIP = NO;
				DEBUG_INFORMATION_FORMAT = "dwarf-with-dsym";
				ENABLE_NS_ASSERTIONS = NO;
				ENABLE_STRICT_OBJC_MSGSEND = YES;
				GCC_C_LANGUAGE_STANDARD = gnu99;
				GCC_NO_COMMON_BLOCKS = YES;
				GCC_WARN_64_TO_32_BIT_CONVERSION = YES;
				GCC_WARN_ABOUT_RETURN_TYPE = YES_ERROR;
				GCC_WARN_UNDECLARED_SELECTOR = YES;
				GCC_WARN_UNINITIALIZED_AUTOS = YES_AGGRESSIVE;
				GCC_WARN_UNUSED_FUNCTION = YES;
				GCC_WARN_UNUSED_VARIABLE = YES;
				IPHONEOS_DEPLOYMENT_TARGET = 9.3;
				MTL_ENABLE_DEBUG_INFO = NO;
				SDKROOT = iphoneos;
				VALIDATE_PRODUCT = YES;
			};
			name = Release;
		};
		013816E51D76BAAF00F9CFAD /* Debug */ = {
			isa = XCBuildConfiguration;
			buildSettings = {
				ASSETCATALOG_COMPILER_APPICON_NAME = AppIcon;
				INFOPLIST_FILE = "TestLocalization-master/Info.plist";
				LD_RUNPATH_SEARCH_PATHS = "$(inherited) @executable_path/Frameworks";
				PRODUCT_BUNDLE_IDENTIFIER = "com.huanghy.TestLocalization-master";
				PRODUCT_NAME = "$(TARGET_NAME)";
			};
			name = Debug;
		};
		013816E61D76BAAF00F9CFAD /* Release */ = {
			isa = XCBuildConfiguration;
			buildSettings = {
				ASSETCATALOG_COMPILER_APPICON_NAME = AppIcon;
				INFOPLIST_FILE = "TestLocalization-master/Info.plist";
				LD_RUNPATH_SEARCH_PATHS = "$(inherited) @executable_path/Frameworks";
				PRODUCT_BUNDLE_IDENTIFIER = "com.huanghy.TestLocalization-master";
				PRODUCT_NAME = "$(TARGET_NAME)";
			};
			name = Release;
		};
/* End XCBuildConfiguration section */

/* Begin XCConfigurationList section */
		013816C81D76BAAF00F9CFAD /* Build configuration list for PBXProject "TestLocalization-master" */ = {
			isa = XCConfigurationList;
			buildConfigurations = (
				013816E21D76BAAF00F9CFAD /* Debug */,
				013816E31D76BAAF00F9CFAD /* Release */,
			);
			defaultConfigurationIsVisible = 0;
			defaultConfigurationName = Release;
		};
		013816E41D76BAAF00F9CFAD /* Build configuration list for PBXNativeTarget "TestLocalization-master" */ = {
			isa = XCConfigurationList;
			buildConfigurations = (
				013816E51D76BAAF00F9CFAD /* Debug */,
				013816E61D76BAAF00F9CFAD /* Release */,
			);
			defaultConfigurationIsVisible = 0;
			defaultConfigurationName = Release;
		};
/* End XCConfigurationList section */
	};
	rootObject = 013816C51D76BAAF00F9CFAD /* Project object */;
}
